// !$*UTF8*$!
{
	archiveVersion = 1;
	classes = {
	};
	objectVersion = 46;
	objects = {

/* Begin PBXBuildFile section */
		D226339F1B9110FD0044B956 /* ImageView.swift in Sources */ = {isa = PBXBuildFile; fileRef = D226339E1B9110FD0044B956 /* ImageView.swift */; };
		D22633A11B9111320044B956 /* SoundReaderView.swift in Sources */ = {isa = PBXBuildFile; fileRef = D22633A01B9111320044B956 /* SoundReaderView.swift */; };
		D25855A51BA66BC50086B2A2 /* Image.swift in Sources */ = {isa = PBXBuildFile; fileRef = D25855A41BA66BC50086B2A2 /* Image.swift */; };
		D25855A71BA66BD70086B2A2 /* SoundReader.swift in Sources */ = {isa = PBXBuildFile; fileRef = D25855A61BA66BD70086B2A2 /* SoundReader.swift */; };
		D2B6AFFE1B89682200EBE7BE /* AppDelegate.swift in Sources */ = {isa = PBXBuildFile; fileRef = D2B6AFFD1B89682200EBE7BE /* AppDelegate.swift */; };
		D2B6B0001B89682200EBE7BE /* ViewController.swift in Sources */ = {isa = PBXBuildFile; fileRef = D2B6AFFF1B89682200EBE7BE /* ViewController.swift */; };
		D2B6B0031B89682200EBE7BE /* Main.storyboard in Resources */ = {isa = PBXBuildFile; fileRef = D2B6B0011B89682200EBE7BE /* Main.storyboard */; };
		D2B6B0051B89682200EBE7BE /* Images.xcassets in Resources */ = {isa = PBXBuildFile; fileRef = D2B6B0041B89682200EBE7BE /* Images.xcassets */; };
		D2B6B0081B89682200EBE7BE /* LaunchScreen.xib in Resources */ = {isa = PBXBuildFile; fileRef = D2B6B0061B89682200EBE7BE /* LaunchScreen.xib */; };
		D2B6B0141B89682200EBE7BE /* ChlorifexTests.swift in Sources */ = {isa = PBXBuildFile; fileRef = D2B6B0131B89682200EBE7BE /* ChlorifexTests.swift */; };
/* End PBXBuildFile section */

/* Begin PBXContainerItemProxy section */
		D2B6B00E1B89682200EBE7BE /* PBXContainerItemProxy */ = {
			isa = PBXContainerItemProxy;
			containerPortal = D2B6AFF01B89682200EBE7BE /* Project object */;
			proxyType = 1;
			remoteGlobalIDString = D2B6AFF71B89682200EBE7BE;
			remoteInfo = Chlorifex;
		};
/* End PBXContainerItemProxy section */

/* Begin PBXFileReference section */
		D226339E1B9110FD0044B956 /* ImageView.swift */ = {isa = PBXFileReference; fileEncoding = 4; lastKnownFileType = sourcecode.swift; path = ImageView.swift; sourceTree = "<group>"; };
		D22633A01B9111320044B956 /* SoundReaderView.swift */ = {isa = PBXFileReference; fileEncoding = 4; lastKnownFileType = sourcecode.swift; path = SoundReaderView.swift; sourceTree = "<group>"; };
		D25855A41BA66BC50086B2A2 /* Image.swift */ = {isa = PBXFileReference; fileEncoding = 4; lastKnownFileType = sourcecode.swift; path = Image.swift; sourceTree = "<group>"; };
		D25855A61BA66BD70086B2A2 /* SoundReader.swift */ = {isa = PBXFileReference; fileEncoding = 4; lastKnownFileType = sourcecode.swift; path = SoundReader.swift; sourceTree = "<group>"; };
		D2B6AFF81B89682200EBE7BE /* Chlorifex.app */ = {isa = PBXFileReference; explicitFileType = wrapper.application; includeInIndex = 0; path = Chlorifex.app; sourceTree = BUILT_PRODUCTS_DIR; };
		D2B6AFFC1B89682200EBE7BE /* Info.plist */ = {isa = PBXFileReference; lastKnownFileType = text.plist.xml; path = Info.plist; sourceTree = "<group>"; };
		D2B6AFFD1B89682200EBE7BE /* AppDelegate.swift */ = {isa = PBXFileReference; lastKnownFileType = sourcecode.swift; path = AppDelegate.swift; sourceTree = "<group>"; };
		D2B6AFFF1B89682200EBE7BE /* ViewController.swift */ = {isa = PBXFileReference; lastKnownFileType = sourcecode.swift; path = ViewController.swift; sourceTree = "<group>"; };
		D2B6B0021B89682200EBE7BE /* Base */ = {isa = PBXFileReference; lastKnownFileType = file.storyboard; name = Base; path = Base.lproj/Main.storyboard; sourceTree = "<group>"; };
		D2B6B0041B89682200EBE7BE /* Images.xcassets */ = {isa = PBXFileReference; lastKnownFileType = folder.assetcatalog; path = Images.xcassets; sourceTree = "<group>"; };
		D2B6B0071B89682200EBE7BE /* Base */ = {isa = PBXFileReference; lastKnownFileType = file.xib; name = Base; path = Base.lproj/LaunchScreen.xib; sourceTree = "<group>"; };
		D2B6B00D1B89682200EBE7BE /* ChlorifexTests.xctest */ = {isa = PBXFileReference; explicitFileType = wrapper.cfbundle; includeInIndex = 0; path = ChlorifexTests.xctest; sourceTree = BUILT_PRODUCTS_DIR; };
		D2B6B0121B89682200EBE7BE /* Info.plist */ = {isa = PBXFileReference; lastKnownFileType = text.plist.xml; path = Info.plist; sourceTree = "<group>"; };
		D2B6B0131B89682200EBE7BE /* ChlorifexTests.swift */ = {isa = PBXFileReference; lastKnownFileType = sourcecode.swift; path = ChlorifexTests.swift; sourceTree = "<group>"; };
/* End PBXFileReference section */

/* Begin PBXFrameworksBuildPhase section */
		D2B6AFF51B89682200EBE7BE /* Frameworks */ = {
			isa = PBXFrameworksBuildPhase;
			buildActionMask = 2147483647;
			files = (
			);
			runOnlyForDeploymentPostprocessing = 0;
		};
		D2B6B00A1B89682200EBE7BE /* Frameworks */ = {
			isa = PBXFrameworksBuildPhase;
			buildActionMask = 2147483647;
			files = (
			);
			runOnlyForDeploymentPostprocessing = 0;
		};
/* End PBXFrameworksBuildPhase section */

/* Begin PBXGroup section */
		D256944F1B9B22410043377A /* Model */ = {
			isa = PBXGroup;
			children = (
				D25855A41BA66BC50086B2A2 /* Image.swift */,
				D25855A61BA66BD70086B2A2 /* SoundReader.swift */,
			);
			name = Model;
			sourceTree = "<group>";
		};
		D25694501B9B22470043377A /* View */ = {
			isa = PBXGroup;
			children = (
				D226339E1B9110FD0044B956 /* ImageView.swift */,
				D22633A01B9111320044B956 /* SoundReaderView.swift */,
			);
			name = View;
			sourceTree = "<group>";
		};
		D25694511B9B224E0043377A /* Controller */ = {
			isa = PBXGroup;
			children = (
				D2B6AFFF1B89682200EBE7BE /* ViewController.swift */,
			);
			name = Controller;
			sourceTree = "<group>";
		};
		D25855A31BA66B860086B2A2 /* Logic */ = {
			isa = PBXGroup;
			children = (
			);
			name = Logic;
			sourceTree = "<group>";
		};
		D2B6AFEF1B89682200EBE7BE = {
			isa = PBXGroup;
			children = (
				D2B6AFFA1B89682200EBE7BE /* Chlorifex */,
				D2B6B0101B89682200EBE7BE /* ChlorifexTests */,
				D2B6AFF91B89682200EBE7BE /* Products */,
			);
			sourceTree = "<group>";
		};
		D2B6AFF91B89682200EBE7BE /* Products */ = {
			isa = PBXGroup;
			children = (
				D2B6AFF81B89682200EBE7BE /* Chlorifex.app */,
				D2B6B00D1B89682200EBE7BE /* ChlorifexTests.xctest */,
			);
			name = Products;
			sourceTree = "<group>";
		};
		D2B6AFFA1B89682200EBE7BE /* Chlorifex */ = {
			isa = PBXGroup;
			children = (
				D25855A31BA66B860086B2A2 /* Logic */,
				D25694511B9B224E0043377A /* Controller */,
				D25694501B9B22470043377A /* View */,
				D256944F1B9B22410043377A /* Model */,
				D2B6AFFD1B89682200EBE7BE /* AppDelegate.swift */,
				D2B6B0011B89682200EBE7BE /* Main.storyboard */,
				D2B6B0041B89682200EBE7BE /* Images.xcassets */,
				D2B6B0061B89682200EBE7BE /* LaunchScreen.xib */,
				D2B6AFFB1B89682200EBE7BE /* Supporting Files */,
			);
			path = Chlorifex;
			sourceTree = "<group>";
		};
		D2B6AFFB1B89682200EBE7BE /* Supporting Files */ = {
			isa = PBXGroup;
			children = (
				D2B6AFFC1B89682200EBE7BE /* Info.plist */,
			);
			name = "Supporting Files";
			sourceTree = "<group>";
		};
		D2B6B0101B89682200EBE7BE /* ChlorifexTests */ = {
			isa = PBXGroup;
			children = (
				D2B6B0131B89682200EBE7BE /* ChlorifexTests.swift */,
				D2B6B0111B89682200EBE7BE /* Supporting Files */,
			);
			path = ChlorifexTests;
			sourceTree = "<group>";
		};
		D2B6B0111B89682200EBE7BE /* Supporting Files */ = {
			isa = PBXGroup;
			children = (
				D2B6B0121B89682200EBE7BE /* Info.plist */,
			);
			name = "Supporting Files";
			sourceTree = "<group>";
		};
/* End PBXGroup section */

/* Begin PBXNativeTarget section */
		D2B6AFF71B89682200EBE7BE /* Chlorifex */ = {
			isa = PBXNativeTarget;
			buildConfigurationList = D2B6B0171B89682200EBE7BE /* Build configuration list for PBXNativeTarget "Chlorifex" */;
			buildPhases = (
				D2B6AFF41B89682200EBE7BE /* Sources */,
				D2B6AFF51B89682200EBE7BE /* Frameworks */,
				D2B6AFF61B89682200EBE7BE /* Resources */,
			);
			buildRules = (
			);
			dependencies = (
			);
			name = Chlorifex;
			productName = Chlorifex;
			productReference = D2B6AFF81B89682200EBE7BE /* Chlorifex.app */;
			productType = "com.apple.product-type.application";
		};
		D2B6B00C1B89682200EBE7BE /* ChlorifexTests */ = {
			isa = PBXNativeTarget;
			buildConfigurationList = D2B6B01A1B89682200EBE7BE /* Build configuration list for PBXNativeTarget "ChlorifexTests" */;
			buildPhases = (
				D2B6B0091B89682200EBE7BE /* Sources */,
				D2B6B00A1B89682200EBE7BE /* Frameworks */,
				D2B6B00B1B89682200EBE7BE /* Resources */,
			);
			buildRules = (
			);
			dependencies = (
				D2B6B00F1B89682200EBE7BE /* PBXTargetDependency */,
			);
			name = ChlorifexTests;
			productName = ChlorifexTests;
			productReference = D2B6B00D1B89682200EBE7BE /* ChlorifexTests.xctest */;
			productType = "com.apple.product-type.bundle.unit-test";
		};
/* End PBXNativeTarget section */

/* Begin PBXProject section */
		D2B6AFF01B89682200EBE7BE /* Project object */ = {
			isa = PBXProject;
			attributes = {
				LastUpgradeCheck = 0640;
				ORGANIZATIONNAME = "Scott Metoyer";
				TargetAttributes = {
					D2B6AFF71B89682200EBE7BE = {
						CreatedOnToolsVersion = 6.4;
					};
					D2B6B00C1B89682200EBE7BE = {
						CreatedOnToolsVersion = 6.4;
						TestTargetID = D2B6AFF71B89682200EBE7BE;
					};
				};
			};
			buildConfigurationList = D2B6AFF31B89682200EBE7BE /* Build configuration list for PBXProject "Chlorifex" */;
			compatibilityVersion = "Xcode 3.2";
			developmentRegion = English;
			hasScannedForEncodings = 0;
			knownRegions = (
				en,
				Base,
			);
			mainGroup = D2B6AFEF1B89682200EBE7BE;
			productRefGroup = D2B6AFF91B89682200EBE7BE /* Products */;
			projectDirPath = "";
			projectRoot = "";
			targets = (
				D2B6AFF71B89682200EBE7BE /* Chlorifex */,
				D2B6B00C1B89682200EBE7BE /* ChlorifexTests */,
			);
		};
/* End PBXProject section */

/* Begin PBXResourcesBuildPhase section */
		D2B6AFF61B89682200EBE7BE /* Resources */ = {
			isa = PBXResourcesBuildPhase;
			buildActionMask = 2147483647;
			files = (
				D2B6B0031B89682200EBE7BE /* Main.storyboard in Resources */,
				D2B6B0081B89682200EBE7BE /* LaunchScreen.xib in Resources */,
				D2B6B0051B89682200EBE7BE /* Images.xcassets in Resources */,
			);
			runOnlyForDeploymentPostprocessing = 0;
		};
		D2B6B00B1B89682200EBE7BE /* Resources */ = {
			isa = PBXResourcesBuildPhase;
			buildActionMask = 2147483647;
			files = (
			);
			runOnlyForDeploymentPostprocessing = 0;
		};
/* End PBXResourcesBuildPhase section */

/* Begin PBXSourcesBuildPhase section */
		D2B6AFF41B89682200EBE7BE /* Sources */ = {
			isa = PBXSourcesBuildPhase;
			buildActionMask = 2147483647;
			files = (
				D25855A71BA66BD70086B2A2 /* SoundReader.swift in Sources */,
				D22633A11B9111320044B956 /* SoundReaderView.swift in Sources */,
				D2B6B0001B89682200EBE7BE /* ViewController.swift in Sources */,
				D2B6AFFE1B89682200EBE7BE /* AppDelegate.swift in Sources */,
				D226339F1B9110FD0044B956 /* ImageView.swift in Sources */,
				D25855A51BA66BC50086B2A2 /* Image.swift in Sources */,
			);
			runOnlyForDeploymentPostprocessing = 0;
		};
		D2B6B0091B89682200EBE7BE /* Sources */ = {
			isa = PBXSourcesBuildPhase;
			buildActionMask = 2147483647;
			files = (
				D2B6B0141B89682200EBE7BE /* ChlorifexTests.swift in Sources */,
			);
			runOnlyForDeploymentPostprocessing = 0;
		};
/* End PBXSourcesBuildPhase section */

/* Begin PBXTargetDependency section */
		D2B6B00F1B89682200EBE7BE /* PBXTargetDependency */ = {
			isa = PBXTargetDependency;
			target = D2B6AFF71B89682200EBE7BE /* Chlorifex */;
			targetProxy = D2B6B00E1B89682200EBE7BE /* PBXContainerItemProxy */;
		};
/* End PBXTargetDependency section */

/* Begin PBXVariantGroup section */
		D2B6B0011B89682200EBE7BE /* Main.storyboard */ = {
			isa = PBXVariantGroup;
			children = (
				D2B6B0021B89682200EBE7BE /* Base */,
			);
			name = Main.storyboard;
			sourceTree = "<group>";
		};
		D2B6B0061B89682200EBE7BE /* LaunchScreen.xib */ = {
			isa = PBXVariantGroup;
			children = (
				D2B6B0071B89682200EBE7BE /* Base */,
			);
			name = LaunchScreen.xib;
			sourceTree = "<group>";
		};
/* End PBXVariantGroup section */

/* Begin XCBuildConfiguration section */
		D2B6B0151B89682200EBE7BE /* Debug */ = {
			isa = XCBuildConfiguration;
			buildSettings = {
				ALWAYS_SEARCH_USER_PATHS = NO;
				CLANG_CXX_LANGUAGE_STANDARD = "gnu++0x";
				CLANG_CXX_LIBRARY = "libc++";
				CLANG_ENABLE_MODULES = YES;
				CLANG_ENABLE_OBJC_ARC = YES;
				CLANG_WARN_BOOL_CONVERSION = YES;
				CLANG_WARN_CONSTANT_CONVERSION = YES;
				CLANG_WARN_DIRECT_OBJC_ISA_USAGE = YES_ERROR;
				CLANG_WARN_EMPTY_BODY = YES;
				CLANG_WARN_ENUM_CONVERSION = YES;
				CLANG_WARN_INT_CONVERSION = YES;
				CLANG_WARN_OBJC_ROOT_CLASS = YES_ERROR;
				CLANG_WARN_UNREACHABLE_CODE = YES;
				CLANG_WARN__DUPLICATE_METHOD_MATCH = YES;
				"CODE_SIGN_IDENTITY[sdk=iphoneos*]" = "iPhone Developer";
				COPY_PHASE_STRIP = NO;
				DEBUG_INFORMATION_FORMAT = "dwarf-with-dsym";
				ENABLE_STRICT_OBJC_MSGSEND = YES;
				GCC_C_LANGUAGE_STANDARD = gnu99;
				GCC_DYNAMIC_NO_PIC = NO;
				GCC_NO_COMMON_BLOCKS = YES;
				GCC_OPTIMIZATION_LEVEL = 0;
				GCC_PREPROCESSOR_DEFINITIONS = (
					"DEBUG=1",
					"$(inherited)",
				);
				GCC_SYMBOLS_PRIVATE_EXTERN = NO;
				GCC_WARN_64_TO_32_BIT_CONVERSION = YES;
				GCC_WARN_ABOUT_RETURN_TYPE = YES_ERROR;
				GCC_WARN_UNDECLARED_SELECTOR = YES;
				GCC_WARN_UNINITIALIZED_AUTOS = YES_AGGRESSIVE;
				GCC_WARN_UNUSED_FUNCTION = YES;
				GCC_WARN_UNUSED_VARIABLE = YES;
				IPHONEOS_DEPLOYMENT_TARGET = 8.4;
				MTL_ENABLE_DEBUG_INFO = YES;
				ONLY_ACTIVE_ARCH = YES;
				SDKROOT = iphoneos;
				SWIFT_OPTIMIZATION_LEVEL = "-Onone";
				TARGETED_DEVICE_FAMILY = "1,2";
			};
			name = Debug;
		};
		D2B6B0161B89682200EBE7BE /* Release */ = {
			isa = XCBuildConfiguration;
			buildSettings = {
				ALWAYS_SEARCH_USER_PATHS = NO;
				CLANG_CXX_LANGUAGE_STANDARD = "gnu++0x";
				CLANG_CXX_LIBRARY = "libc++";
				CLANG_ENABLE_MODULES = YES;
				CLANG_ENABLE_OBJC_ARC = YES;
				CLANG_WARN_BOOL_CONVERSION = YES;
				CLANG_WARN_CONSTANT_CONVERSION = YES;
				CLANG_WARN_DIRECT_OBJC_ISA_USAGE = YES_ERROR;
				CLANG_WARN_EMPTY_BODY = YES;
				CLANG_WARN_ENUM_CONVERSION = YES;
				CLANG_WARN_INT_CONVERSION = YES;
				CLANG_WARN_OBJC_ROOT_CLASS = YES_ERROR;
				CLANG_WARN_UNREACHABLE_CODE = YES;
				CLANG_WARN__DUPLICATE_METHOD_MATCH = YES;
				"CODE_SIGN_IDENTITY[sdk=iphoneos*]" = "iPhone Developer";
				COPY_PHASE_STRIP = NO;
				DEBUG_INFORMATION_FORMAT = "dwarf-with-dsym";
				ENABLE_NS_ASSERTIONS = NO;
				ENABLE_STRICT_OBJC_MSGSEND = YES;
				GCC_C_LANGUAGE_STANDARD = gnu99;
				GCC_NO_COMMON_BLOCKS = YES;
				GCC_WARN_64_TO_32_BIT_CONVERSION = YES;
				GCC_WARN_ABOUT_RETURN_TYPE = YES_ERROR;
				GCC_WARN_UNDECLARED_SELECTOR = YES;
				GCC_WARN_UNINITIALIZED_AUTOS = YES_AGGRESSIVE;
				GCC_WARN_UNUSED_FUNCTION = YES;
				GCC_WARN_UNUSED_VARIABLE = YES;
				IPHONEOS_DEPLOYMENT_TARGET = 8.4;
				MTL_ENABLE_DEBUG_INFO = NO;
				SDKROOT = iphoneos;
				TARGETED_DEVICE_FAMILY = "1,2";
				VALIDATE_PRODUCT = YES;
			};
			name = Release;
		};
		D2B6B0181B89682200EBE7BE /* Debug */ = {
			isa = XCBuildConfiguration;
			buildSettings = {
				ASSETCATALOG_COMPILER_APPICON_NAME = AppIcon;
				INFOPLIST_FILE = Chlorifex/Info.plist;
				LD_RUNPATH_SEARCH_PATHS = "$(inherited) @executable_path/Frameworks";
				PRODUCT_NAME = "$(TARGET_NAME)";
				TARGETED_DEVICE_FAMILY = "1,2";
			};
			name = Debug;
		};
		D2B6B0191B89682200EBE7BE /* Release */ = {
			isa = XCBuildConfiguration;
			buildSettings = {
				ASSETCATALOG_COMPILER_APPICON_NAME = AppIcon;
				INFOPLIST_FILE = Chlorifex/Info.plist;
				LD_RUNPATH_SEARCH_PATHS = "$(inherited) @executable_path/Frameworks";
				PRODUCT_NAME = "$(TARGET_NAME)";
				TARGETED_DEVICE_FAMILY = "1,2";
			};
			name = Release;
		};
		D2B6B01B1B89682200EBE7BE /* Debug */ = {
			isa = XCBuildConfiguration;
			buildSettings = {
				BUNDLE_LOADER = "$(TEST_HOST)";
				FRAMEWORK_SEARCH_PATHS = (
					"$(SDKROOT)/Developer/Library/Frameworks",
					"$(inherited)",
				);
				GCC_PREPROCESSOR_DEFINITIONS = (
					"DEBUG=1",
					"$(inherited)",
				);
				INFOPLIST_FILE = ChlorifexTests/Info.plist;
				LD_RUNPATH_SEARCH_PATHS = "$(inherited) @executable_path/Frameworks @loader_path/Frameworks";
				PRODUCT_NAME = "$(TARGET_NAME)";
				TEST_HOST = "$(BUILT_PRODUCTS_DIR)/Chlorifex.app/Chlorifex";
			};
			name = Debug;
		};
		D2B6B01C1B89682200EBE7BE /* Release */ = {
			isa = XCBuildConfiguration;
			buildSettings = {
				BUNDLE_LOADER = "$(TEST_HOST)";
				FRAMEWORK_SEARCH_PATHS = (
					"$(SDKROOT)/Developer/Library/Frameworks",
					"$(inherited)",
				);
				INFOPLIST_FILE = ChlorifexTests/Info.plist;
				LD_RUNPATH_SEARCH_PATHS = "$(inherited) @executable_path/Frameworks @loader_path/Frameworks";
				PRODUCT_NAME = "$(TARGET_NAME)";
				TEST_HOST = "$(BUILT_PRODUCTS_DIR)/Chlorifex.app/Chlorifex";
			};
			name = Release;
		};
/* End XCBuildConfiguration section */

/* Begin XCConfigurationList section */
		D2B6AFF31B89682200EBE7BE /* Build configuration list for PBXProject "Chlorifex" */ = {
			isa = XCConfigurationList;
			buildConfigurations = (
				D2B6B0151B89682200EBE7BE /* Debug */,
				D2B6B0161B89682200EBE7BE /* Release */,
			);
			defaultConfigurationIsVisible = 0;
			defaultConfigurationName = Release;
		};
		D2B6B0171B89682200EBE7BE /* Build configuration list for PBXNativeTarget "Chlorifex" */ = {
			isa = XCConfigurationList;
			buildConfigurations = (
				D2B6B0181B89682200EBE7BE /* Debug */,
				D2B6B0191B89682200EBE7BE /* Release */,
			);
			defaultConfigurationIsVisible = 0;
			defaultConfigurationName = Release;
		};
		D2B6B01A1B89682200EBE7BE /* Build configuration list for PBXNativeTarget "ChlorifexTests" */ = {
			isa = XCConfigurationList;
			buildConfigurations = (
				D2B6B01B1B89682200EBE7BE /* Debug */,
				D2B6B01C1B89682200EBE7BE /* Release */,
			);
			defaultConfigurationIsVisible = 0;
			defaultConfigurationName = Release;
		};
/* End XCConfigurationList section */
	};
	rootObject = D2B6AFF01B89682200EBE7BE /* Project object */;
}
